
Microsoft Visual Studio Solution File, Format Version 12.00
# Visual Studio Version 16
VisualStudioVersion = 16.0.29519.87
MinimumVisualStudioVersion = 10.0.40219.1
Project("{FAE04EC0-301F-11D3-BF4B-00C04F79EFBC}") = "DesignPatterns_Facade", "DesignPatterns_Facade\DesignPatterns_Facade.csproj", "{B7C8492D-A48F-4D7B-92B9-E81B3769560E}"
EndProject
Global
	GlobalSection(SolutionConfigurationPlatforms) = preSolution
		Debug|Any CPU = Debug|Any CPU
		Release|Any CPU = Release|Any CPU
	EndGlobalSection
	GlobalSection(ProjectConfigurationPlatforms) = postSolution
		{B7C8492D-A48F-4D7B-92B9-E81B3769560E}.Debug|Any CPU.ActiveCfg = Debug|Any CPU
		{B7C8492D-A48F-4D7B-92B9-E81B3769560E}.Debug|Any CPU.Build.0 = Debug|Any CPU
		{B7C8492D-A48F-4D7B-92B9-E81B3769560E}.Release|Any CPU.ActiveCfg = Release|Any CPU
		{B7C8492D-A48F-4D7B-92B9-E81B3769560E}.Release|Any CPU.Build.0 = Release|Any CPU
	EndGlobalSection
	GlobalSection(SolutionProperties) = preSolution
		HideSolutionNode = FALSE
	EndGlobalSection
	GlobalSection(ExtensibilityGlobals) = postSolution
		SolutionGuid = {C933868E-1835-4AE1-BAA9-7CBD63DAECCA}
	EndGlobalSection
EndGlobal
